
Microsoft Visual Studio Solution File, Format Version 12.00
# Visual Studio Version 17
VisualStudioVersion = 17.7.34009.444
MinimumVisualStudioVersion = 10.0.40219.1
Project("{FAE04EC0-301F-11D3-BF4B-00C04F79EFBC}") = "OpenAI.API", "OpenAI.API\OpenAI.API.csproj", "{DE1C2EE8-11D2-4CC8-A4EA-5DD3C5D52809}"
EndProject
Global
	GlobalSection(SolutionConfigurationPlatforms) = preSolution
		Debug|Any CPU = Debug|Any CPU
		Release|Any CPU = Release|Any CPU
	EndGlobalSection
	GlobalSection(ProjectConfigurationPlatforms) = postSolution
		{DE1C2EE8-11D2-4CC8-A4EA-5DD3C5D52809}.Debug|Any CPU.ActiveCfg = Debug|Any CPU
		{DE1C2EE8-11D2-4CC8-A4EA-5DD3C5D52809}.Debug|Any CPU.Build.0 = Debug|Any CPU
		{DE1C2EE8-11D2-4CC8-A4EA-5DD3C5D52809}.Release|Any CPU.ActiveCfg = Release|Any CPU
		{DE1C2EE8-11D2-4CC8-A4EA-5DD3C5D52809}.Release|Any CPU.Build.0 = Release|Any CPU
	EndGlobalSection
	GlobalSection(SolutionProperties) = preSolution
		HideSolutionNode = FALSE
	EndGlobalSection
	GlobalSection(ExtensibilityGlobals) = postSolution
		SolutionGuid = {ACD0C164-F7B0-4045-B415-CBCCA48976EA}
	EndGlobalSection
EndGlobal
